// !$*UTF8*$!
{
	archiveVersion = 1;
	classes = {
	};
	objectVersion = 55;
	objects = {

/* Begin PBXBuildFile section */
		4D41592C2D88DC29CA879C29 /* Pods_FlixTests.framework in Frameworks */ = {isa = PBXBuildFile; fileRef = 47B16273749C2E07C4C61BC6 /* Pods_FlixTests.framework */; };
		7C72B8069EB40BA774ABB0D4 /* Pods_Flix.framework in Frameworks */ = {isa = PBXBuildFile; fileRef = AEC3E98CE70BE90B2213CAAB /* Pods_Flix.framework */; };
		ACBF95E9F1CE8FF933C1229A /* Pods_Flix_FlixUITests.framework in Frameworks */ = {isa = PBXBuildFile; fileRef = 4121B0A47A808473B0681386 /* Pods_Flix_FlixUITests.framework */; };
		E53DDB5F28CEE8AD00A95339 /* AppDelegate.swift in Sources */ = {isa = PBXBuildFile; fileRef = E53DDB5E28CEE8AD00A95339 /* AppDelegate.swift */; };
		E53DDB6128CEE8AD00A95339 /* SceneDelegate.swift in Sources */ = {isa = PBXBuildFile; fileRef = E53DDB6028CEE8AD00A95339 /* SceneDelegate.swift */; };
		E53DDB6328CEE8AD00A95339 /* MoviesViewController.swift in Sources */ = {isa = PBXBuildFile; fileRef = E53DDB6228CEE8AD00A95339 /* MoviesViewController.swift */; };
		E53DDB6628CEE8AD00A95339 /* Main.storyboard in Resources */ = {isa = PBXBuildFile; fileRef = E53DDB6428CEE8AD00A95339 /* Main.storyboard */; };
		E53DDB6828CEE8AF00A95339 /* Assets.xcassets in Resources */ = {isa = PBXBuildFile; fileRef = E53DDB6728CEE8AF00A95339 /* Assets.xcassets */; };
		E53DDB6B28CEE8AF00A95339 /* LaunchScreen.storyboard in Resources */ = {isa = PBXBuildFile; fileRef = E53DDB6928CEE8AF00A95339 /* LaunchScreen.storyboard */; };
		E53DDB7628CEE8AF00A95339 /* FlixTests.swift in Sources */ = {isa = PBXBuildFile; fileRef = E53DDB7528CEE8AF00A95339 /* FlixTests.swift */; };
		E53DDB8028CEE8AF00A95339 /* FlixUITests.swift in Sources */ = {isa = PBXBuildFile; fileRef = E53DDB7F28CEE8AF00A95339 /* FlixUITests.swift */; };
		E53DDB8228CEE8AF00A95339 /* FlixUITestsLaunchTests.swift in Sources */ = {isa = PBXBuildFile; fileRef = E53DDB8128CEE8AF00A95339 /* FlixUITestsLaunchTests.swift */; };
		E53DDB9328CF082E00A95339 /* MovieCell.swift in Sources */ = {isa = PBXBuildFile; fileRef = E53DDB9228CF082E00A95339 /* MovieCell.swift */; };
		E56DD3CB28CF102000BAAD9D /* AlamofireImage in Frameworks */ = {isa = PBXBuildFile; productRef = E56DD3CA28CF102000BAAD9D /* AlamofireImage */; };
/* End PBXBuildFile section */

/* Begin PBXContainerItemProxy section */
		E53DDB7228CEE8AF00A95339 /* PBXContainerItemProxy */ = {
			isa = PBXContainerItemProxy;
			containerPortal = E53DDB5328CEE8AD00A95339 /* Project object */;
			proxyType = 1;
			remoteGlobalIDString = E53DDB5A28CEE8AD00A95339;
			remoteInfo = Flix;
		};
		E53DDB7C28CEE8AF00A95339 /* PBXContainerItemProxy */ = {
			isa = PBXContainerItemProxy;
			containerPortal = E53DDB5328CEE8AD00A95339 /* Project object */;
			proxyType = 1;
			remoteGlobalIDString = E53DDB5A28CEE8AD00A95339;
			remoteInfo = Flix;
		};
/* End PBXContainerItemProxy section */

/* Begin PBXFileReference section */
		0E14AF6EA58B59BFE31E0F22 /* Pods-FlixTests.debug.xcconfig */ = {isa = PBXFileReference; includeInIndex = 1; lastKnownFileType = text.xcconfig; name = "Pods-FlixTests.debug.xcconfig"; path = "Target Support Files/Pods-FlixTests/Pods-FlixTests.debug.xcconfig"; sourceTree = "<group>"; };
		4121B0A47A808473B0681386 /* Pods_Flix_FlixUITests.framework */ = {isa = PBXFileReference; explicitFileType = wrapper.framework; includeInIndex = 0; path = Pods_Flix_FlixUITests.framework; sourceTree = BUILT_PRODUCTS_DIR; };
		47B16273749C2E07C4C61BC6 /* Pods_FlixTests.framework */ = {isa = PBXFileReference; explicitFileType = wrapper.framework; includeInIndex = 0; path = Pods_FlixTests.framework; sourceTree = BUILT_PRODUCTS_DIR; };
		63740AD8C1996BDBEA095F75 /* Pods-Flix-FlixUITests.debug.xcconfig */ = {isa = PBXFileReference; includeInIndex = 1; lastKnownFileType = text.xcconfig; name = "Pods-Flix-FlixUITests.debug.xcconfig"; path = "Target Support Files/Pods-Flix-FlixUITests/Pods-Flix-FlixUITests.debug.xcconfig"; sourceTree = "<group>"; };
		8132D00FA40B419801F48682 /* Pods-Flix-FlixUITests.release.xcconfig */ = {isa = PBXFileReference; includeInIndex = 1; lastKnownFileType = text.xcconfig; name = "Pods-Flix-FlixUITests.release.xcconfig"; path = "Target Support Files/Pods-Flix-FlixUITests/Pods-Flix-FlixUITests.release.xcconfig"; sourceTree = "<group>"; };
		9660720E4DF9E9A5361133FE /* Pods-Flix.release.xcconfig */ = {isa = PBXFileReference; includeInIndex = 1; lastKnownFileType = text.xcconfig; name = "Pods-Flix.release.xcconfig"; path = "Target Support Files/Pods-Flix/Pods-Flix.release.xcconfig"; sourceTree = "<group>"; };
		9B2510EB203EC8D53CFED28B /* Pods-FlixTests.release.xcconfig */ = {isa = PBXFileReference; includeInIndex = 1; lastKnownFileType = text.xcconfig; name = "Pods-FlixTests.release.xcconfig"; path = "Target Support Files/Pods-FlixTests/Pods-FlixTests.release.xcconfig"; sourceTree = "<group>"; };
		AEC3E98CE70BE90B2213CAAB /* Pods_Flix.framework */ = {isa = PBXFileReference; explicitFileType = wrapper.framework; includeInIndex = 0; path = Pods_Flix.framework; sourceTree = BUILT_PRODUCTS_DIR; };
		DACBB49609E0D3368C711218 /* Pods-Flix.debug.xcconfig */ = {isa = PBXFileReference; includeInIndex = 1; lastKnownFileType = text.xcconfig; name = "Pods-Flix.debug.xcconfig"; path = "Target Support Files/Pods-Flix/Pods-Flix.debug.xcconfig"; sourceTree = "<group>"; };
		E53DDB5B28CEE8AD00A95339 /* Flix.app */ = {isa = PBXFileReference; explicitFileType = wrapper.application; includeInIndex = 0; path = Flix.app; sourceTree = BUILT_PRODUCTS_DIR; };
		E53DDB5E28CEE8AD00A95339 /* AppDelegate.swift */ = {isa = PBXFileReference; lastKnownFileType = sourcecode.swift; path = AppDelegate.swift; sourceTree = "<group>"; };
		E53DDB6028CEE8AD00A95339 /* SceneDelegate.swift */ = {isa = PBXFileReference; lastKnownFileType = sourcecode.swift; path = SceneDelegate.swift; sourceTree = "<group>"; };
		E53DDB6228CEE8AD00A95339 /* MoviesViewController.swift */ = {isa = PBXFileReference; lastKnownFileType = sourcecode.swift; path = MoviesViewController.swift; sourceTree = "<group>"; };
		E53DDB6528CEE8AD00A95339 /* Base */ = {isa = PBXFileReference; lastKnownFileType = file.storyboard; name = Base; path = Base.lproj/Main.storyboard; sourceTree = "<group>"; };
		E53DDB6728CEE8AF00A95339 /* Assets.xcassets */ = {isa = PBXFileReference; lastKnownFileType = folder.assetcatalog; path = Assets.xcassets; sourceTree = "<group>"; };
		E53DDB6A28CEE8AF00A95339 /* Base */ = {isa = PBXFileReference; lastKnownFileType = file.storyboard; name = Base; path = Base.lproj/LaunchScreen.storyboard; sourceTree = "<group>"; };
		E53DDB6C28CEE8AF00A95339 /* Info.plist */ = {isa = PBXFileReference; lastKnownFileType = text.plist.xml; path = Info.plist; sourceTree = "<group>"; };
		E53DDB7128CEE8AF00A95339 /* FlixTests.xctest */ = {isa = PBXFileReference; explicitFileType = wrapper.cfbundle; includeInIndex = 0; path = FlixTests.xctest; sourceTree = BUILT_PRODUCTS_DIR; };
		E53DDB7528CEE8AF00A95339 /* FlixTests.swift */ = {isa = PBXFileReference; lastKnownFileType = sourcecode.swift; path = FlixTests.swift; sourceTree = "<group>"; };
		E53DDB7B28CEE8AF00A95339 /* FlixUITests.xctest */ = {isa = PBXFileReference; explicitFileType = wrapper.cfbundle; includeInIndex = 0; path = FlixUITests.xctest; sourceTree = BUILT_PRODUCTS_DIR; };
		E53DDB7F28CEE8AF00A95339 /* FlixUITests.swift */ = {isa = PBXFileReference; lastKnownFileType = sourcecode.swift; path = FlixUITests.swift; sourceTree = "<group>"; };
		E53DDB8128CEE8AF00A95339 /* FlixUITestsLaunchTests.swift */ = {isa = PBXFileReference; lastKnownFileType = sourcecode.swift; path = FlixUITestsLaunchTests.swift; sourceTree = "<group>"; };
		E53DDB9228CF082E00A95339 /* MovieCell.swift */ = {isa = PBXFileReference; lastKnownFileType = sourcecode.swift; path = MovieCell.swift; sourceTree = "<group>"; };
/* End PBXFileReference section */

/* Begin PBXFrameworksBuildPhase section */
		E53DDB5828CEE8AD00A95339 /* Frameworks */ = {
			isa = PBXFrameworksBuildPhase;
			buildActionMask = 2147483647;
			files = (
				E56DD3CB28CF102000BAAD9D /* AlamofireImage in Frameworks */,
				7C72B8069EB40BA774ABB0D4 /* Pods_Flix.framework in Frameworks */,
			);
			runOnlyForDeploymentPostprocessing = 0;
		};
		E53DDB6E28CEE8AF00A95339 /* Frameworks */ = {
			isa = PBXFrameworksBuildPhase;
			buildActionMask = 2147483647;
			files = (
				4D41592C2D88DC29CA879C29 /* Pods_FlixTests.framework in Frameworks */,
			);
			runOnlyForDeploymentPostprocessing = 0;
		};
		E53DDB7828CEE8AF00A95339 /* Frameworks */ = {
			isa = PBXFrameworksBuildPhase;
			buildActionMask = 2147483647;
			files = (
				ACBF95E9F1CE8FF933C1229A /* Pods_Flix_FlixUITests.framework in Frameworks */,
			);
			runOnlyForDeploymentPostprocessing = 0;
		};
/* End PBXFrameworksBuildPhase section */

/* Begin PBXGroup section */
		752E4BC02039273BAA6B0993 /* Frameworks */ = {
			isa = PBXGroup;
			children = (
				AEC3E98CE70BE90B2213CAAB /* Pods_Flix.framework */,
				4121B0A47A808473B0681386 /* Pods_Flix_FlixUITests.framework */,
				47B16273749C2E07C4C61BC6 /* Pods_FlixTests.framework */,
			);
			name = Frameworks;
			sourceTree = "<group>";
		};
		B5B81B4DFDA0128721A74428 /* Pods */ = {
			isa = PBXGroup;
			children = (
				DACBB49609E0D3368C711218 /* Pods-Flix.debug.xcconfig */,
				9660720E4DF9E9A5361133FE /* Pods-Flix.release.xcconfig */,
				63740AD8C1996BDBEA095F75 /* Pods-Flix-FlixUITests.debug.xcconfig */,
				8132D00FA40B419801F48682 /* Pods-Flix-FlixUITests.release.xcconfig */,
				0E14AF6EA58B59BFE31E0F22 /* Pods-FlixTests.debug.xcconfig */,
				9B2510EB203EC8D53CFED28B /* Pods-FlixTests.release.xcconfig */,
			);
			name = Pods;
			path = Pods;
			sourceTree = "<group>";
		};
		E53DDB5228CEE8AD00A95339 = {
			isa = PBXGroup;
			children = (
				E53DDB5D28CEE8AD00A95339 /* Flix */,
				E53DDB7428CEE8AF00A95339 /* FlixTests */,
				E53DDB7E28CEE8AF00A95339 /* FlixUITests */,
				E53DDB5C28CEE8AD00A95339 /* Products */,
				B5B81B4DFDA0128721A74428 /* Pods */,
				752E4BC02039273BAA6B0993 /* Frameworks */,
			);
			sourceTree = "<group>";
		};
		E53DDB5C28CEE8AD00A95339 /* Products */ = {
			isa = PBXGroup;
			children = (
				E53DDB5B28CEE8AD00A95339 /* Flix.app */,
				E53DDB7128CEE8AF00A95339 /* FlixTests.xctest */,
				E53DDB7B28CEE8AF00A95339 /* FlixUITests.xctest */,
			);
			name = Products;
			sourceTree = "<group>";
		};
		E53DDB5D28CEE8AD00A95339 /* Flix */ = {
			isa = PBXGroup;
			children = (
				E53DDB5E28CEE8AD00A95339 /* AppDelegate.swift */,
				E53DDB6028CEE8AD00A95339 /* SceneDelegate.swift */,
				E53DDB6228CEE8AD00A95339 /* MoviesViewController.swift */,
				E53DDB6428CEE8AD00A95339 /* Main.storyboard */,
				E53DDB6728CEE8AF00A95339 /* Assets.xcassets */,
				E53DDB6928CEE8AF00A95339 /* LaunchScreen.storyboard */,
				E53DDB6C28CEE8AF00A95339 /* Info.plist */,
				E53DDB9228CF082E00A95339 /* MovieCell.swift */,
			);
			path = Flix;
			sourceTree = "<group>";
		};
		E53DDB7428CEE8AF00A95339 /* FlixTests */ = {
			isa = PBXGroup;
			children = (
				E53DDB7528CEE8AF00A95339 /* FlixTests.swift */,
			);
			path = FlixTests;
			sourceTree = "<group>";
		};
		E53DDB7E28CEE8AF00A95339 /* FlixUITests */ = {
			isa = PBXGroup;
			children = (
				E53DDB7F28CEE8AF00A95339 /* FlixUITests.swift */,
				E53DDB8128CEE8AF00A95339 /* FlixUITestsLaunchTests.swift */,
			);
			path = FlixUITests;
			sourceTree = "<group>";
		};
/* End PBXGroup section */

/* Begin PBXNativeTarget section */
		E53DDB5A28CEE8AD00A95339 /* Flix */ = {
			isa = PBXNativeTarget;
			buildConfigurationList = E53DDB8528CEE8AF00A95339 /* Build configuration list for PBXNativeTarget "Flix" */;
			buildPhases = (
				44CD0D3F32A498634DA8CFEA /* [CP] Check Pods Manifest.lock */,
				E53DDB5728CEE8AD00A95339 /* Sources */,
				E53DDB5828CEE8AD00A95339 /* Frameworks */,
				E53DDB5928CEE8AD00A95339 /* Resources */,
				897F3DE7500D9AD30EE243B2 /* [CP] Embed Pods Frameworks */,
			);
			buildRules = (
			);
			dependencies = (
			);
			name = Flix;
			packageProductDependencies = (
				E56DD3CA28CF102000BAAD9D /* AlamofireImage */,
			);
			productName = Flix;
			productReference = E53DDB5B28CEE8AD00A95339 /* Flix.app */;
			productType = "com.apple.product-type.application";
		};
		E53DDB7028CEE8AF00A95339 /* FlixTests */ = {
			isa = PBXNativeTarget;
			buildConfigurationList = E53DDB8828CEE8AF00A95339 /* Build configuration list for PBXNativeTarget "FlixTests" */;
			buildPhases = (
				4B7372DF39FB8537DA6C82B7 /* [CP] Check Pods Manifest.lock */,
				E53DDB6D28CEE8AF00A95339 /* Sources */,
				E53DDB6E28CEE8AF00A95339 /* Frameworks */,
				E53DDB6F28CEE8AF00A95339 /* Resources */,
			);
			buildRules = (
			);
			dependencies = (
				E53DDB7328CEE8AF00A95339 /* PBXTargetDependency */,
			);
			name = FlixTests;
			productName = FlixTests;
			productReference = E53DDB7128CEE8AF00A95339 /* FlixTests.xctest */;
			productType = "com.apple.product-type.bundle.unit-test";
		};
		E53DDB7A28CEE8AF00A95339 /* FlixUITests */ = {
			isa = PBXNativeTarget;
			buildConfigurationList = E53DDB8B28CEE8AF00A95339 /* Build configuration list for PBXNativeTarget "FlixUITests" */;
			buildPhases = (
				D260685E2B096BD29D6DC10D /* [CP] Check Pods Manifest.lock */,
				E53DDB7728CEE8AF00A95339 /* Sources */,
				E53DDB7828CEE8AF00A95339 /* Frameworks */,
				E53DDB7928CEE8AF00A95339 /* Resources */,
				2B11C54767D6663DD716593C /* [CP] Embed Pods Frameworks */,
			);
			buildRules = (
			);
			dependencies = (
				E53DDB7D28CEE8AF00A95339 /* PBXTargetDependency */,
			);
			name = FlixUITests;
			productName = FlixUITests;
			productReference = E53DDB7B28CEE8AF00A95339 /* FlixUITests.xctest */;
			productType = "com.apple.product-type.bundle.ui-testing";
		};
/* End PBXNativeTarget section */

/* Begin PBXProject section */
		E53DDB5328CEE8AD00A95339 /* Project object */ = {
			isa = PBXProject;
			attributes = {
				BuildIndependentTargetsInParallel = 1;
				LastSwiftUpdateCheck = 1340;
				LastUpgradeCheck = 1340;
				TargetAttributes = {
					E53DDB5A28CEE8AD00A95339 = {
						CreatedOnToolsVersion = 13.4.1;
					};
					E53DDB7028CEE8AF00A95339 = {
						CreatedOnToolsVersion = 13.4.1;
						TestTargetID = E53DDB5A28CEE8AD00A95339;
					};
					E53DDB7A28CEE8AF00A95339 = {
						CreatedOnToolsVersion = 13.4.1;
						TestTargetID = E53DDB5A28CEE8AD00A95339;
					};
				};
			};
			buildConfigurationList = E53DDB5628CEE8AD00A95339 /* Build configuration list for PBXProject "Flix" */;
			compatibilityVersion = "Xcode 13.0";
			developmentRegion = en;
			hasScannedForEncodings = 0;
			knownRegions = (
				en,
				Base,
			);
			mainGroup = E53DDB5228CEE8AD00A95339;
			packageReferences = (
				E56DD3C928CF102000BAAD9D /* XCRemoteSwiftPackageReference "AlamofireImage" */,
			);
			productRefGroup = E53DDB5C28CEE8AD00A95339 /* Products */;
			projectDirPath = "";
			projectRoot = "";
			targets = (
				E53DDB5A28CEE8AD00A95339 /* Flix */,
				E53DDB7028CEE8AF00A95339 /* FlixTests */,
				E53DDB7A28CEE8AF00A95339 /* FlixUITests */,
			);
		};
/* End PBXProject section */

/* Begin PBXResourcesBuildPhase section */
		E53DDB5928CEE8AD00A95339 /* Resources */ = {
			isa = PBXResourcesBuildPhase;
			buildActionMask = 2147483647;
			files = (
				E53DDB6B28CEE8AF00A95339 /* LaunchScreen.storyboard in Resources */,
				E53DDB6828CEE8AF00A95339 /* Assets.xcassets in Resources */,
				E53DDB6628CEE8AD00A95339 /* Main.storyboard in Resources */,
			);
			runOnlyForDeploymentPostprocessing = 0;
		};
		E53DDB6F28CEE8AF00A95339 /* Resources */ = {
			isa = PBXResourcesBuildPhase;
			buildActionMask = 2147483647;
			files = (
			);
			runOnlyForDeploymentPostprocessing = 0;
		};
		E53DDB7928CEE8AF00A95339 /* Resources */ = {
			isa = PBXResourcesBuildPhase;
			buildActionMask = 2147483647;
			files = (
			);
			runOnlyForDeploymentPostprocessing = 0;
		};
/* End PBXResourcesBuildPhase section */

/* Begin PBXShellScriptBuildPhase section */
		2B11C54767D6663DD716593C /* [CP] Embed Pods Frameworks */ = {
			isa = PBXShellScriptBuildPhase;
			buildActionMask = 2147483647;
			files = (
			);
			inputFileListPaths = (
				"${PODS_ROOT}/Target Support Files/Pods-Flix-FlixUITests/Pods-Flix-FlixUITests-frameworks-${CONFIGURATION}-input-files.xcfilelist",
			);
			name = "[CP] Embed Pods Frameworks";
			outputFileListPaths = (
				"${PODS_ROOT}/Target Support Files/Pods-Flix-FlixUITests/Pods-Flix-FlixUITests-frameworks-${CONFIGURATION}-output-files.xcfilelist",
			);
			runOnlyForDeploymentPostprocessing = 0;
			shellPath = /bin/sh;
			shellScript = "\"${PODS_ROOT}/Target Support Files/Pods-Flix-FlixUITests/Pods-Flix-FlixUITests-frameworks.sh\"\n";
			showEnvVarsInLog = 0;
		};
		44CD0D3F32A498634DA8CFEA /* [CP] Check Pods Manifest.lock */ = {
			isa = PBXShellScriptBuildPhase;
			buildActionMask = 2147483647;
			files = (
			);
			inputFileListPaths = (
			);
			inputPaths = (
				"${PODS_PODFILE_DIR_PATH}/Podfile.lock",
				"${PODS_ROOT}/Manifest.lock",
			);
			name = "[CP] Check Pods Manifest.lock";
			outputFileListPaths = (
			);
			outputPaths = (
				"$(DERIVED_FILE_DIR)/Pods-Flix-checkManifestLockResult.txt",
			);
			runOnlyForDeploymentPostprocessing = 0;
			shellPath = /bin/sh;
			shellScript = "diff \"${PODS_PODFILE_DIR_PATH}/Podfile.lock\" \"${PODS_ROOT}/Manifest.lock\" > /dev/null\nif [ $? != 0 ] ; then\n    # print error to STDERR\n    echo \"error: The sandbox is not in sync with the Podfile.lock. Run 'pod install' or update your CocoaPods installation.\" >&2\n    exit 1\nfi\n# This output is used by Xcode 'outputs' to avoid re-running this script phase.\necho \"SUCCESS\" > \"${SCRIPT_OUTPUT_FILE_0}\"\n";
			showEnvVarsInLog = 0;
		};
		4B7372DF39FB8537DA6C82B7 /* [CP] Check Pods Manifest.lock */ = {
			isa = PBXShellScriptBuildPhase;
			buildActionMask = 2147483647;
			files = (
			);
			inputFileListPaths = (
			);
			inputPaths = (
				"${PODS_PODFILE_DIR_PATH}/Podfile.lock",
				"${PODS_ROOT}/Manifest.lock",
			);
			name = "[CP] Check Pods Manifest.lock";
			outputFileListPaths = (
			);
			outputPaths = (
				"$(DERIVED_FILE_DIR)/Pods-FlixTests-checkManifestLockResult.txt",
			);
			runOnlyForDeploymentPostprocessing = 0;
			shellPath = /bin/sh;
			shellScript = "diff \"${PODS_PODFILE_DIR_PATH}/Podfile.lock\" \"${PODS_ROOT}/Manifest.lock\" > /dev/null\nif [ $? != 0 ] ; then\n    # print error to STDERR\n    echo \"error: The sandbox is not in sync with the Podfile.lock. Run 'pod install' or update your CocoaPods installation.\" >&2\n    exit 1\nfi\n# This output is used by Xcode 'outputs' to avoid re-running this script phase.\necho \"SUCCESS\" > \"${SCRIPT_OUTPUT_FILE_0}\"\n";
			showEnvVarsInLog = 0;
		};
		897F3DE7500D9AD30EE243B2 /* [CP] Embed Pods Frameworks */ = {
			isa = PBXShellScriptBuildPhase;
			buildActionMask = 2147483647;
			files = (
			);
			inputFileListPaths = (
				"${PODS_ROOT}/Target Support Files/Pods-Flix/Pods-Flix-frameworks-${CONFIGURATION}-input-files.xcfilelist",
			);
			name = "[CP] Embed Pods Frameworks";
			outputFileListPaths = (
				"${PODS_ROOT}/Target Support Files/Pods-Flix/Pods-Flix-frameworks-${CONFIGURATION}-output-files.xcfilelist",
			);
			runOnlyForDeploymentPostprocessing = 0;
			shellPath = /bin/sh;
			shellScript = "\"${PODS_ROOT}/Target Support Files/Pods-Flix/Pods-Flix-frameworks.sh\"\n";
			showEnvVarsInLog = 0;
		};
		D260685E2B096BD29D6DC10D /* [CP] Check Pods Manifest.lock */ = {
			isa = PBXShellScriptBuildPhase;
			buildActionMask = 2147483647;
			files = (
			);
			inputFileListPaths = (
			);
			inputPaths = (
				"${PODS_PODFILE_DIR_PATH}/Podfile.lock",
				"${PODS_ROOT}/Manifest.lock",
			);
			name = "[CP] Check Pods Manifest.lock";
			outputFileListPaths = (
			);
			outputPaths = (
				"$(DERIVED_FILE_DIR)/Pods-Flix-FlixUITests-checkManifestLockResult.txt",
			);
			runOnlyForDeploymentPostprocessing = 0;
			shellPath = /bin/sh;
			shellScript = "diff \"${PODS_PODFILE_DIR_PATH}/Podfile.lock\" \"${PODS_ROOT}/Manifest.lock\" > /dev/null\nif [ $? != 0 ] ; then\n    # print error to STDERR\n    echo \"error: The sandbox is not in sync with the Podfile.lock. Run 'pod install' or update your CocoaPods installation.\" >&2\n    exit 1\nfi\n# This output is used by Xcode 'outputs' to avoid re-running this script phase.\necho \"SUCCESS\" > \"${SCRIPT_OUTPUT_FILE_0}\"\n";
			showEnvVarsInLog = 0;
		};
/* End PBXShellScriptBuildPhase section */

/* Begin PBXSourcesBuildPhase section */
		E53DDB5728CEE8AD00A95339 /* Sources */ = {
			isa = PBXSourcesBuildPhase;
			buildActionMask = 2147483647;
			files = (
				E53DDB6328CEE8AD00A95339 /* MoviesViewController.swift in Sources */,
				E53DDB5F28CEE8AD00A95339 /* AppDelegate.swift in Sources */,
				E53DDB9328CF082E00A95339 /* MovieCell.swift in Sources */,
				E53DDB6128CEE8AD00A95339 /* SceneDelegate.swift in Sources */,
			);
			runOnlyForDeploymentPostprocessing = 0;
		};
		E53DDB6D28CEE8AF00A95339 /* Sources */ = {
			isa = PBXSourcesBuildPhase;
			buildActionMask = 2147483647;
			files = (
				E53DDB7628CEE8AF00A95339 /* FlixTests.swift in Sources */,
			);
			runOnlyForDeploymentPostprocessing = 0;
		};
		E53DDB7728CEE8AF00A95339 /* Sources */ = {
			isa = PBXSourcesBuildPhase;
			buildActionMask = 2147483647;
			files = (
				E53DDB8028CEE8AF00A95339 /* FlixUITests.swift in Sources */,
				E53DDB8228CEE8AF00A95339 /* FlixUITestsLaunchTests.swift in Sources */,
			);
			runOnlyForDeploymentPostprocessing = 0;
		};
/* End PBXSourcesBuildPhase section */

/* Begin PBXTargetDependency section */
		E53DDB7328CEE8AF00A95339 /* PBXTargetDependency */ = {
			isa = PBXTargetDependency;
			target = E53DDB5A28CEE8AD00A95339 /* Flix */;
			targetProxy = E53DDB7228CEE8AF00A95339 /* PBXContainerItemProxy */;
		};
		E53DDB7D28CEE8AF00A95339 /* PBXTargetDependency */ = {
			isa = PBXTargetDependency;
			target = E53DDB5A28CEE8AD00A95339 /* Flix */;
			targetProxy = E53DDB7C28CEE8AF00A95339 /* PBXContainerItemProxy */;
		};
/* End PBXTargetDependency section */

/* Begin PBXVariantGroup section */
		E53DDB6428CEE8AD00A95339 /* Main.storyboard */ = {
			isa = PBXVariantGroup;
			children = (
				E53DDB6528CEE8AD00A95339 /* Base */,
			);
			name = Main.storyboard;
			sourceTree = "<group>";
		};
		E53DDB6928CEE8AF00A95339 /* LaunchScreen.storyboard */ = {
			isa = PBXVariantGroup;
			children = (
				E53DDB6A28CEE8AF00A95339 /* Base */,
			);
			name = LaunchScreen.storyboard;
			sourceTree = "<group>";
		};
/* End PBXVariantGroup section */

/* Begin XCBuildConfiguration section */
		E53DDB8328CEE8AF00A95339 /* Debug */ = {
			isa = XCBuildConfiguration;
			buildSettings = {
				ALWAYS_SEARCH_USER_PATHS = NO;
				CLANG_ANALYZER_NONNULL = YES;
				CLANG_ANALYZER_NUMBER_OBJECT_CONVERSION = YES_AGGRESSIVE;
				CLANG_CXX_LANGUAGE_STANDARD = "gnu++17";
				CLANG_ENABLE_MODULES = YES;
				CLANG_ENABLE_OBJC_ARC = YES;
				CLANG_ENABLE_OBJC_WEAK = YES;
				CLANG_WARN_BLOCK_CAPTURE_AUTORELEASING = YES;
				CLANG_WARN_BOOL_CONVERSION = YES;
				CLANG_WARN_COMMA = YES;
				CLANG_WARN_CONSTANT_CONVERSION = YES;
				CLANG_WARN_DEPRECATED_OBJC_IMPLEMENTATIONS = YES;
				CLANG_WARN_DIRECT_OBJC_ISA_USAGE = YES_ERROR;
				CLANG_WARN_DOCUMENTATION_COMMENTS = YES;
				CLANG_WARN_EMPTY_BODY = YES;
				CLANG_WARN_ENUM_CONVERSION = YES;
				CLANG_WARN_INFINITE_RECURSION = YES;
				CLANG_WARN_INT_CONVERSION = YES;
				CLANG_WARN_NON_LITERAL_NULL_CONVERSION = YES;
				CLANG_WARN_OBJC_IMPLICIT_RETAIN_SELF = YES;
				CLANG_WARN_OBJC_LITERAL_CONVERSION = YES;
				CLANG_WARN_OBJC_ROOT_CLASS = YES_ERROR;
				CLANG_WARN_QUOTED_INCLUDE_IN_FRAMEWORK_HEADER = YES;
				CLANG_WARN_RANGE_LOOP_ANALYSIS = YES;
				CLANG_WARN_STRICT_PROTOTYPES = YES;
				CLANG_WARN_SUSPICIOUS_MOVE = YES;
				CLANG_WARN_UNGUARDED_AVAILABILITY = YES_AGGRESSIVE;
				CLANG_WARN_UNREACHABLE_CODE = YES;
				CLANG_WARN__DUPLICATE_METHOD_MATCH = YES;
				COPY_PHASE_STRIP = NO;
				DEBUG_INFORMATION_FORMAT = dwarf;
				ENABLE_STRICT_OBJC_MSGSEND = YES;
				ENABLE_TESTABILITY = YES;
				GCC_C_LANGUAGE_STANDARD = gnu11;
				GCC_DYNAMIC_NO_PIC = NO;
				GCC_NO_COMMON_BLOCKS = YES;
				GCC_OPTIMIZATION_LEVEL = 0;
				GCC_PREPROCESSOR_DEFINITIONS = (
					"DEBUG=1",
					"$(inherited)",
				);
				GCC_WARN_64_TO_32_BIT_CONVERSION = YES;
				GCC_WARN_ABOUT_RETURN_TYPE = YES_ERROR;
				GCC_WARN_UNDECLARED_SELECTOR = YES;
				GCC_WARN_UNINITIALIZED_AUTOS = YES_AGGRESSIVE;
				GCC_WARN_UNUSED_FUNCTION = YES;
				GCC_WARN_UNUSED_VARIABLE = YES;
				IPHONEOS_DEPLOYMENT_TARGET = 15.5;
				MTL_ENABLE_DEBUG_INFO = INCLUDE_SOURCE;
				MTL_FAST_MATH = YES;
				ONLY_ACTIVE_ARCH = YES;
				SDKROOT = iphoneos;
				SWIFT_ACTIVE_COMPILATION_CONDITIONS = DEBUG;
				SWIFT_OPTIMIZATION_LEVEL = "-Onone";
			};
			name = Debug;
		};
		E53DDB8428CEE8AF00A95339 /* Release */ = {
			isa = XCBuildConfiguration;
			buildSettings = {
				ALWAYS_SEARCH_USER_PATHS = NO;
				CLANG_ANALYZER_NONNULL = YES;
				CLANG_ANALYZER_NUMBER_OBJECT_CONVERSION = YES_AGGRESSIVE;
				CLANG_CXX_LANGUAGE_STANDARD = "gnu++17";
				CLANG_ENABLE_MODULES = YES;
				CLANG_ENABLE_OBJC_ARC = YES;
				CLANG_ENABLE_OBJC_WEAK = YES;
				CLANG_WARN_BLOCK_CAPTURE_AUTORELEASING = YES;
				CLANG_WARN_BOOL_CONVERSION = YES;
				CLANG_WARN_COMMA = YES;
				CLANG_WARN_CONSTANT_CONVERSION = YES;
				CLANG_WARN_DEPRECATED_OBJC_IMPLEMENTATIONS = YES;
				CLANG_WARN_DIRECT_OBJC_ISA_USAGE = YES_ERROR;
				CLANG_WARN_DOCUMENTATION_COMMENTS = YES;
				CLANG_WARN_EMPTY_BODY = YES;
				CLANG_WARN_ENUM_CONVERSION = YES;
				CLANG_WARN_INFINITE_RECURSION = YES;
				CLANG_WARN_INT_CONVERSION = YES;
				CLANG_WARN_NON_LITERAL_NULL_CONVERSION = YES;
				CLANG_WARN_OBJC_IMPLICIT_RETAIN_SELF = YES;
				CLANG_WARN_OBJC_LITERAL_CONVERSION = YES;
				CLANG_WARN_OBJC_ROOT_CLASS = YES_ERROR;
				CLANG_WARN_QUOTED_INCLUDE_IN_FRAMEWORK_HEADER = YES;
				CLANG_WARN_RANGE_LOOP_ANALYSIS = YES;
				CLANG_WARN_STRICT_PROTOTYPES = YES;
				CLANG_WARN_SUSPICIOUS_MOVE = YES;
				CLANG_WARN_UNGUARDED_AVAILABILITY = YES_AGGRESSIVE;
				CLANG_WARN_UNREACHABLE_CODE = YES;
				CLANG_WARN__DUPLICATE_METHOD_MATCH = YES;
				COPY_PHASE_STRIP = NO;
				DEBUG_INFORMATION_FORMAT = "dwarf-with-dsym";
				ENABLE_NS_ASSERTIONS = NO;
				ENABLE_STRICT_OBJC_MSGSEND = YES;
				GCC_C_LANGUAGE_STANDARD = gnu11;
				GCC_NO_COMMON_BLOCKS = YES;
				GCC_WARN_64_TO_32_BIT_CONVERSION = YES;
				GCC_WARN_ABOUT_RETURN_TYPE = YES_ERROR;
				GCC_WARN_UNDECLARED_SELECTOR = YES;
				GCC_WARN_UNINITIALIZED_AUTOS = YES_AGGRESSIVE;
				GCC_WARN_UNUSED_FUNCTION = YES;
				GCC_WARN_UNUSED_VARIABLE = YES;
				IPHONEOS_DEPLOYMENT_TARGET = 15.5;
				MTL_ENABLE_DEBUG_INFO = NO;
				MTL_FAST_MATH = YES;
				SDKROOT = iphoneos;
				SWIFT_COMPILATION_MODE = wholemodule;
				SWIFT_OPTIMIZATION_LEVEL = "-O";
				VALIDATE_PRODUCT = YES;
			};
			name = Release;
		};
		E53DDB8628CEE8AF00A95339 /* Debug */ = {
			isa = XCBuildConfiguration;
			baseConfigurationReference = DACBB49609E0D3368C711218 /* Pods-Flix.debug.xcconfig */;
			buildSettings = {
				ASSETCATALOG_COMPILER_APPICON_NAME = AppIcon;
				ASSETCATALOG_COMPILER_GLOBAL_ACCENT_COLOR_NAME = AccentColor;
				CODE_SIGN_STYLE = Automatic;
				CURRENT_PROJECT_VERSION = 1;
				DEVELOPMENT_TEAM = D83WF9CA92;
				GENERATE_INFOPLIST_FILE = YES;
				INFOPLIST_FILE = Flix/Info.plist;
				INFOPLIST_KEY_UIApplicationSupportsIndirectInputEvents = YES;
				INFOPLIST_KEY_UILaunchStoryboardName = LaunchScreen;
				INFOPLIST_KEY_UIMainStoryboardFile = Main;
				INFOPLIST_KEY_UISupportedInterfaceOrientations_iPad = "UIInterfaceOrientationPortrait UIInterfaceOrientationPortraitUpsideDown UIInterfaceOrientationLandscapeLeft UIInterfaceOrientationLandscapeRight";
				INFOPLIST_KEY_UISupportedInterfaceOrientations_iPhone = "UIInterfaceOrientationPortrait UIInterfaceOrientationLandscapeLeft UIInterfaceOrientationLandscapeRight";
				LD_RUNPATH_SEARCH_PATHS = (
					"$(inherited)",
					"@executable_path/Frameworks",
				);
				MARKETING_VERSION = 1.0;
				PRODUCT_BUNDLE_IDENTIFIER = com.tamdinh788.Flix;
				PRODUCT_NAME = "$(TARGET_NAME)";
				SWIFT_EMIT_LOC_STRINGS = YES;
				SWIFT_VERSION = 5.0;
				TARGETED_DEVICE_FAMILY = "1,2";
			};
			name = Debug;
		};
		E53DDB8728CEE8AF00A95339 /* Release */ = {
			isa = XCBuildConfiguration;
			baseConfigurationReference = 9660720E4DF9E9A5361133FE /* Pods-Flix.release.xcconfig */;
			buildSettings = {
				ASSETCATALOG_COMPILER_APPICON_NAME = AppIcon;
				ASSETCATALOG_COMPILER_GLOBAL_ACCENT_COLOR_NAME = AccentColor;
				CODE_SIGN_STYLE = Automatic;
				CURRENT_PROJECT_VERSION = 1;
				DEVELOPMENT_TEAM = D83WF9CA92;
				GENERATE_INFOPLIST_FILE = YES;
				INFOPLIST_FILE = Flix/Info.plist;
				INFOPLIST_KEY_UIApplicationSupportsIndirectInputEvents = YES;
				INFOPLIST_KEY_UILaunchStoryboardName = LaunchScreen;
				INFOPLIST_KEY_UIMainStoryboardFile = Main;
				INFOPLIST_KEY_UISupportedInterfaceOrientations_iPad = "UIInterfaceOrientationPortrait UIInterfaceOrientationPortraitUpsideDown UIInterfaceOrientationLandscapeLeft UIInterfaceOrientationLandscapeRight";
				INFOPLIST_KEY_UISupportedInterfaceOrientations_iPhone = "UIInterfaceOrientationPortrait UIInterfaceOrientationLandscapeLeft UIInterfaceOrientationLandscapeRight";
				LD_RUNPATH_SEARCH_PATHS = (
					"$(inherited)",
					"@executable_path/Frameworks",
				);
				MARKETING_VERSION = 1.0;
				PRODUCT_BUNDLE_IDENTIFIER = com.tamdinh788.Flix;
				PRODUCT_NAME = "$(TARGET_NAME)";
				SWIFT_EMIT_LOC_STRINGS = YES;
				SWIFT_VERSION = 5.0;
				TARGETED_DEVICE_FAMILY = "1,2";
			};
			name = Release;
		};
		E53DDB8928CEE8AF00A95339 /* Debug */ = {
			isa = XCBuildConfiguration;
			baseConfigurationReference = 0E14AF6EA58B59BFE31E0F22 /* Pods-FlixTests.debug.xcconfig */;
			buildSettings = {
				ALWAYS_EMBED_SWIFT_STANDARD_LIBRARIES = YES;
				BUNDLE_LOADER = "$(TEST_HOST)";
				CODE_SIGN_STYLE = Automatic;
				CURRENT_PROJECT_VERSION = 1;
				DEVELOPMENT_TEAM = D83WF9CA92;
				GENERATE_INFOPLIST_FILE = YES;
				IPHONEOS_DEPLOYMENT_TARGET = 15.5;
				MARKETING_VERSION = 1.0;
				PRODUCT_BUNDLE_IDENTIFIER = com.tamdinh788.FlixTests;
				PRODUCT_NAME = "$(TARGET_NAME)";
				SWIFT_EMIT_LOC_STRINGS = NO;
				SWIFT_VERSION = 5.0;
				TARGETED_DEVICE_FAMILY = "1,2";
				TEST_HOST = "$(BUILT_PRODUCTS_DIR)/Flix.app/Flix";
			};
			name = Debug;
		};
		E53DDB8A28CEE8AF00A95339 /* Release */ = {
			isa = XCBuildConfiguration;
			baseConfigurationReference = 9B2510EB203EC8D53CFED28B /* Pods-FlixTests.release.xcconfig */;
			buildSettings = {
				ALWAYS_EMBED_SWIFT_STANDARD_LIBRARIES = YES;
				BUNDLE_LOADER = "$(TEST_HOST)";
				CODE_SIGN_STYLE = Automatic;
				CURRENT_PROJECT_VERSION = 1;
				DEVELOPMENT_TEAM = D83WF9CA92;
				GENERATE_INFOPLIST_FILE = YES;
				IPHONEOS_DEPLOYMENT_TARGET = 15.5;
				MARKETING_VERSION = 1.0;
				PRODUCT_BUNDLE_IDENTIFIER = com.tamdinh788.FlixTests;
				PRODUCT_NAME = "$(TARGET_NAME)";
				SWIFT_EMIT_LOC_STRINGS = NO;
				SWIFT_VERSION = 5.0;
				TARGETED_DEVICE_FAMILY = "1,2";
				TEST_HOST = "$(BUILT_PRODUCTS_DIR)/Flix.app/Flix";
			};
			name = Release;
		};
		E53DDB8C28CEE8AF00A95339 /* Debug */ = {
			isa = XCBuildConfiguration;
			baseConfigurationReference = 63740AD8C1996BDBEA095F75 /* Pods-Flix-FlixUITests.debug.xcconfig */;
			buildSettings = {
				ALWAYS_EMBED_SWIFT_STANDARD_LIBRARIES = YES;
				CODE_SIGN_STYLE = Automatic;
				CURRENT_PROJECT_VERSION = 1;
				DEVELOPMENT_TEAM = D83WF9CA92;
				GENERATE_INFOPLIST_FILE = YES;
				MARKETING_VERSION = 1.0;
				PRODUCT_BUNDLE_IDENTIFIER = com.tamdinh788.FlixUITests;
				PRODUCT_NAME = "$(TARGET_NAME)";
				SWIFT_EMIT_LOC_STRINGS = NO;
				SWIFT_VERSION = 5.0;
				TARGETED_DEVICE_FAMILY = "1,2";
				TEST_TARGET_NAME = Flix;
			};
			name = Debug;
		};
		E53DDB8D28CEE8AF00A95339 /* Release */ = {
			isa = XCBuildConfiguration;
			baseConfigurationReference = 8132D00FA40B419801F48682 /* Pods-Flix-FlixUITests.release.xcconfig */;
			buildSettings = {
				ALWAYS_EMBED_SWIFT_STANDARD_LIBRARIES = YES;
				CODE_SIGN_STYLE = Automatic;
				CURRENT_PROJECT_VERSION = 1;
				DEVELOPMENT_TEAM = D83WF9CA92;
				GENERATE_INFOPLIST_FILE = YES;
				MARKETING_VERSION = 1.0;
				PRODUCT_BUNDLE_IDENTIFIER = com.tamdinh788.FlixUITests;
				PRODUCT_NAME = "$(TARGET_NAME)";
				SWIFT_EMIT_LOC_STRINGS = NO;
				SWIFT_VERSION = 5.0;
				TARGETED_DEVICE_FAMILY = "1,2";
				TEST_TARGET_NAME = Flix;
			};
			name = Release;
		};
/* End XCBuildConfiguration section */

/* Begin XCConfigurationList section */
		E53DDB5628CEE8AD00A95339 /* Build configuration list for PBXProject "Flix" */ = {
			isa = XCConfigurationList;
			buildConfigurations = (
				E53DDB8328CEE8AF00A95339 /* Debug */,
				E53DDB8428CEE8AF00A95339 /* Release */,
			);
			defaultConfigurationIsVisible = 0;
			defaultConfigurationName = Release;
		};
		E53DDB8528CEE8AF00A95339 /* Build configuration list for PBXNativeTarget "Flix" */ = {
			isa = XCConfigurationList;
			buildConfigurations = (
				E53DDB8628CEE8AF00A95339 /* Debug */,
				E53DDB8728CEE8AF00A95339 /* Release */,
			);
			defaultConfigurationIsVisible = 0;
			defaultConfigurationName = Release;
		};
		E53DDB8828CEE8AF00A95339 /* Build configuration list for PBXNativeTarget "FlixTests" */ = {
			isa = XCConfigurationList;
			buildConfigurations = (
				E53DDB8928CEE8AF00A95339 /* Debug */,
				E53DDB8A28CEE8AF00A95339 /* Release */,
			);
			defaultConfigurationIsVisible = 0;
			defaultConfigurationName = Release;
		};
		E53DDB8B28CEE8AF00A95339 /* Build configuration list for PBXNativeTarget "FlixUITests" */ = {
			isa = XCConfigurationList;
			buildConfigurations = (
				E53DDB8C28CEE8AF00A95339 /* Debug */,
				E53DDB8D28CEE8AF00A95339 /* Release */,
			);
			defaultConfigurationIsVisible = 0;
			defaultConfigurationName = Release;
		};
/* End XCConfigurationList section */

/* Begin XCRemoteSwiftPackageReference section */
		E56DD3C928CF102000BAAD9D /* XCRemoteSwiftPackageReference "AlamofireImage" */ = {
			isa = XCRemoteSwiftPackageReference;
			repositoryURL = "https://github.com/Alamofire/AlamofireImage";
			requirement = {
				kind = upToNextMajorVersion;
				minimumVersion = 4.0.0;
			};
		};
/* End XCRemoteSwiftPackageReference section */

/* Begin XCSwiftPackageProductDependency section */
		E56DD3CA28CF102000BAAD9D /* AlamofireImage */ = {
			isa = XCSwiftPackageProductDependency;
			package = E56DD3C928CF102000BAAD9D /* XCRemoteSwiftPackageReference "AlamofireImage" */;
			productName = AlamofireImage;
		};
/* End XCSwiftPackageProductDependency section */
	};
	rootObject = E53DDB5328CEE8AD00A95339 /* Project object */;
}
